
Microsoft Visual Studio Solution File, Format Version 12.00
# Visual Studio Version 16
VisualStudioVersion = 25.0.1700.0
MinimumVisualStudioVersion = 10.0.40219.1
Project("{FAE04EC0-301F-11D3-BF4B-00C04F79EFBC}") = "FizzBuzz", "FizzBuzz.csproj", "{CCC13A11-2027-4DBC-AAD4-65EB3BA54658}"
EndProject
Project("{9344BDBB-3E7F-41FC-A0DD-8665D75EE146}") = "FizzBuzzTest", "FizzBuzzTest\FizzBuzzTest.csproj", "{C893EA6B-C9A5-46F6-9260-B9EA07A52B49}"
EndProject
Global
	GlobalSection(SolutionConfigurationPlatforms) = preSolution
		Debug|Any CPU = Debug|Any CPU
		Release|Any CPU = Release|Any CPU
	EndGlobalSection
	GlobalSection(ProjectConfigurationPlatforms) = postSolution
		{CCC13A11-2027-4DBC-AAD4-65EB3BA54658}.Debug|Any CPU.ActiveCfg = Debug|Any CPU
		{CCC13A11-2027-4DBC-AAD4-65EB3BA54658}.Debug|Any CPU.Build.0 = Debug|Any CPU
		{CCC13A11-2027-4DBC-AAD4-65EB3BA54658}.Release|Any CPU.ActiveCfg = Release|Any CPU
		{CCC13A11-2027-4DBC-AAD4-65EB3BA54658}.Release|Any CPU.Build.0 = Release|Any CPU
		{C893EA6B-C9A5-46F6-9260-B9EA07A52B49}.Debug|Any CPU.ActiveCfg = Debug|Any CPU
		{C893EA6B-C9A5-46F6-9260-B9EA07A52B49}.Debug|Any CPU.Build.0 = Debug|Any CPU
		{C893EA6B-C9A5-46F6-9260-B9EA07A52B49}.Release|Any CPU.ActiveCfg = Release|Any CPU
		{C893EA6B-C9A5-46F6-9260-B9EA07A52B49}.Release|Any CPU.Build.0 = Release|Any CPU
	EndGlobalSection
	GlobalSection(SolutionProperties) = preSolution
		HideSolutionNode = FALSE
	EndGlobalSection
	GlobalSection(ExtensibilityGlobals) = postSolution
		SolutionGuid = {F189BF9D-0F57-44D7-B0E6-114BAABDBE17}
	EndGlobalSection
EndGlobal
